
Microsoft Visual Studio Solution File, Format Version 12.00
# Visual Studio 2015
Project("{FAE04EC0-301F-11D3-BF4B-00C04F79EFBC}") = "SoundHorn", "SoundHorn.csproj", "{B8C861AA-3E0D-1F30-73BC-6ED5751BE6FF}"
EndProject
Project("{FAE04EC0-301F-11D3-BF4B-00C04F79EFBC}") = "SoundHorn.Editor", "SoundHorn.Editor.csproj", "{61645AB5-19BF-BD86-0EBB-6E9A2B8BA443}"
EndProject
Global
	GlobalSection(SolutionConfigurationPlatforms) = preSolution
		Debug|Any CPU = Debug|Any CPU
		Release|Any CPU = Release|Any CPU
	EndGlobalSection
	GlobalSection(ProjectConfigurationPlatforms) = postSolution
		{B8C861AA-3E0D-1F30-73BC-6ED5751BE6FF}.Debug|Any CPU.ActiveCfg = Debug|Any CPU
		{B8C861AA-3E0D-1F30-73BC-6ED5751BE6FF}.Debug|Any CPU.Build.0 = Debug|Any CPU
		{B8C861AA-3E0D-1F30-73BC-6ED5751BE6FF}.Release|Any CPU.ActiveCfg = Release|Any CPU
		{B8C861AA-3E0D-1F30-73BC-6ED5751BE6FF}.Release|Any CPU.Build.0 = Release|Any CPU
		{61645AB5-19BF-BD86-0EBB-6E9A2B8BA443}.Debug|Any CPU.ActiveCfg = Debug|Any CPU
		{61645AB5-19BF-BD86-0EBB-6E9A2B8BA443}.Debug|Any CPU.Build.0 = Debug|Any CPU
		{61645AB5-19BF-BD86-0EBB-6E9A2B8BA443}.Release|Any CPU.ActiveCfg = Release|Any CPU
		{61645AB5-19BF-BD86-0EBB-6E9A2B8BA443}.Release|Any CPU.Build.0 = Release|Any CPU
	EndGlobalSection
	GlobalSection(SolutionProperties) = preSolution
		HideSolutionNode = FALSE
	EndGlobalSection
EndGlobal
